
Microsoft Visual Studio Solution File, Format Version 12.00
# Visual Studio Version 16
VisualStudioVersion = 16.0.32126.311
MinimumVisualStudioVersion = 10.0.40219.1
Project("{FAE04EC0-301F-11D3-BF4B-00C04F79EFBC}") = "kpi_peformance", "kpi_peformance\kpi_peformance.csproj", "{3C4B2B33-712E-48A9-97B8-F9B2899C1FED}"
EndProject
Global
	GlobalSection(SolutionConfigurationPlatforms) = preSolution
		Debug|Any CPU = Debug|Any CPU
		Release|Any CPU = Release|Any CPU
	EndGlobalSection
	GlobalSection(ProjectConfigurationPlatforms) = postSolution
		{3C4B2B33-712E-48A9-97B8-F9B2899C1FED}.Debug|Any CPU.ActiveCfg = Debug|Any CPU
		{3C4B2B33-712E-48A9-97B8-F9B2899C1FED}.Debug|Any CPU.Build.0 = Debug|Any CPU
		{3C4B2B33-712E-48A9-97B8-F9B2899C1FED}.Release|Any CPU.ActiveCfg = Release|Any CPU
		{3C4B2B33-712E-48A9-97B8-F9B2899C1FED}.Release|Any CPU.Build.0 = Release|Any CPU
	EndGlobalSection
	GlobalSection(SolutionProperties) = preSolution
		HideSolutionNode = FALSE
	EndGlobalSection
	GlobalSection(ExtensibilityGlobals) = postSolution
		SolutionGuid = {D33A7805-CB7B-4B9E-87E3-E03B7313A90F}
	EndGlobalSection
EndGlobal
